// !$*UTF8*$!
{
	archiveVersion = 1;
	classes = {
	};
	objectVersion = 46;
	objects = {

/* Begin PBXBuildFile section */
		52C727C11F5BD07E0058D0ED /* AppDelegate.swift in Sources */ = {isa = PBXBuildFile; fileRef = 52C727C01F5BD07E0058D0ED /* AppDelegate.swift */; };
		52C727C31F5BD07E0058D0ED /* ViewController.swift in Sources */ = {isa = PBXBuildFile; fileRef = 52C727C21F5BD07E0058D0ED /* ViewController.swift */; };
		52C727C61F5BD07E0058D0ED /* Main.storyboard in Resources */ = {isa = PBXBuildFile; fileRef = 52C727C41F5BD07E0058D0ED /* Main.storyboard */; };
		52C727C81F5BD07E0058D0ED /* Assets.xcassets in Resources */ = {isa = PBXBuildFile; fileRef = 52C727C71F5BD07E0058D0ED /* Assets.xcassets */; };
		52C727CB1F5BD07E0058D0ED /* LaunchScreen.storyboard in Resources */ = {isa = PBXBuildFile; fileRef = 52C727C91F5BD07E0058D0ED /* LaunchScreen.storyboard */; };
/* End PBXBuildFile section */

/* Begin PBXFileReference section */
		52C727BD1F5BD07E0058D0ED /* Auto Navigator.app */ = {isa = PBXFileReference; explicitFileType = wrapper.application; includeInIndex = 0; path = "Auto Navigator.app"; sourceTree = BUILT_PRODUCTS_DIR; };
		52C727C01F5BD07E0058D0ED /* AppDelegate.swift */ = {isa = PBXFileReference; lastKnownFileType = sourcecode.swift; path = AppDelegate.swift; sourceTree = "<group>"; };
		52C727C21F5BD07E0058D0ED /* ViewController.swift */ = {isa = PBXFileReference; lastKnownFileType = sourcecode.swift; path = ViewController.swift; sourceTree = "<group>"; };
		52C727C51F5BD07E0058D0ED /* Base */ = {isa = PBXFileReference; lastKnownFileType = file.storyboard; name = Base; path = Base.lproj/Main.storyboard; sourceTree = "<group>"; };
		52C727C71F5BD07E0058D0ED /* Assets.xcassets */ = {isa = PBXFileReference; lastKnownFileType = folder.assetcatalog; path = Assets.xcassets; sourceTree = "<group>"; };
		52C727CA1F5BD07E0058D0ED /* Base */ = {isa = PBXFileReference; lastKnownFileType = file.storyboard; name = Base; path = Base.lproj/LaunchScreen.storyboard; sourceTree = "<group>"; };
		52C727CC1F5BD07E0058D0ED /* Info.plist */ = {isa = PBXFileReference; lastKnownFileType = text.plist.xml; path = Info.plist; sourceTree = "<group>"; };
/* End PBXFileReference section */

/* Begin PBXFrameworksBuildPhase section */
		52C727BA1F5BD07E0058D0ED /* Frameworks */ = {
			isa = PBXFrameworksBuildPhase;
			buildActionMask = 2147483647;
			files = (
			);
			runOnlyForDeploymentPostprocessing = 0;
		};
/* End PBXFrameworksBuildPhase section */

/* Begin PBXGroup section */
		52C727B41F5BD07E0058D0ED = {
			isa = PBXGroup;
			children = (
				52C727BF1F5BD07E0058D0ED /* Auto Navigator */,
				52C727BE1F5BD07E0058D0ED /* Products */,
			);
			sourceTree = "<group>";
		};
		52C727BE1F5BD07E0058D0ED /* Products */ = {
			isa = PBXGroup;
			children = (
				52C727BD1F5BD07E0058D0ED /* Auto Navigator.app */,
			);
			name = Products;
			sourceTree = "<group>";
		};
		52C727BF1F5BD07E0058D0ED /* Auto Navigator */ = {
			isa = PBXGroup;
			children = (
				52C727C01F5BD07E0058D0ED /* AppDelegate.swift */,
				52C727C21F5BD07E0058D0ED /* ViewController.swift */,
				52C727C41F5BD07E0058D0ED /* Main.storyboard */,
				52C727C71F5BD07E0058D0ED /* Assets.xcassets */,
				52C727C91F5BD07E0058D0ED /* LaunchScreen.storyboard */,
				52C727CC1F5BD07E0058D0ED /* Info.plist */,
			);
			path = "Auto Navigator";
			sourceTree = "<group>";
		};
/* End PBXGroup section */

/* Begin PBXNativeTarget section */
		52C727BC1F5BD07E0058D0ED /* Auto Navigator */ = {
			isa = PBXNativeTarget;
			buildConfigurationList = 52C727CF1F5BD07E0058D0ED /* Build configuration list for PBXNativeTarget "Auto Navigator" */;
			buildPhases = (
				52C727B91F5BD07E0058D0ED /* Sources */,
				52C727BA1F5BD07E0058D0ED /* Frameworks */,
				52C727BB1F5BD07E0058D0ED /* Resources */,
			);
			buildRules = (
			);
			dependencies = (
			);
			name = "Auto Navigator";
			productName = "Auto Navigator";
			productReference = 52C727BD1F5BD07E0058D0ED /* Auto Navigator.app */;
			productType = "com.apple.product-type.application";
		};
/* End PBXNativeTarget section */

/* Begin PBXProject section */
		52C727B51F5BD07E0058D0ED /* Project object */ = {
			isa = PBXProject;
			attributes = {
				LastSwiftUpdateCheck = 0830;
				LastUpgradeCheck = 0830;
				ORGANIZATIONNAME = "Shyam Pindoria";
				TargetAttributes = {
					52C727BC1F5BD07E0058D0ED = {
						CreatedOnToolsVersion = 8.3.3;
						ProvisioningStyle = Automatic;
					};
				};
			};
			buildConfigurationList = 52C727B81F5BD07E0058D0ED /* Build configuration list for PBXProject "Auto Navigator" */;
			compatibilityVersion = "Xcode 3.2";
			developmentRegion = English;
			hasScannedForEncodings = 0;
			knownRegions = (
				en,
				Base,
			);
			mainGroup = 52C727B41F5BD07E0058D0ED;
			productRefGroup = 52C727BE1F5BD07E0058D0ED /* Products */;
			projectDirPath = "";
			projectRoot = "";
			targets = (
				52C727BC1F5BD07E0058D0ED /* Auto Navigator */,
			);
		};
/* End PBXProject section */

/* Begin PBXResourcesBuildPhase section */
		52C727BB1F5BD07E0058D0ED /* Resources */ = {
			isa = PBXResourcesBuildPhase;
			buildActionMask = 2147483647;
			files = (
				52C727CB1F5BD07E0058D0ED /* LaunchScreen.storyboard in Resources */,
				52C727C81F5BD07E0058D0ED /* Assets.xcassets in Resources */,
				52C727C61F5BD07E0058D0ED /* Main.storyboard in Resources */,
			);
			runOnlyForDeploymentPostprocessing = 0;
		};
/* End PBXResourcesBuildPhase section */

/* Begin PBXSourcesBuildPhase section */
		52C727B91F5BD07E0058D0ED /* Sources */ = {
			isa = PBXSourcesBuildPhase;
			buildActionMask = 2147483647;
			files = (
				52C727C31F5BD07E0058D0ED /* ViewController.swift in Sources */,
				52C727C11F5BD07E0058D0ED /* AppDelegate.swift in Sources */,
			);
			runOnlyForDeploymentPostprocessing = 0;
		};
/* End PBXSourcesBuildPhase section */

/* Begin PBXVariantGroup section */
		52C727C41F5BD07E0058D0ED /* Main.storyboard */ = {
			isa = PBXVariantGroup;
			children = (
				52C727C51F5BD07E0058D0ED /* Base */,
			);
			name = Main.storyboard;
			sourceTree = "<group>";
		};
		52C727C91F5BD07E0058D0ED /* LaunchScreen.storyboard */ = {
			isa = PBXVariantGroup;
			children = (
				52C727CA1F5BD07E0058D0ED /* Base */,
			);
			name = LaunchScreen.storyboard;
			sourceTree = "<group>";
		};
/* End PBXVariantGroup section */

/* Begin XCBuildConfiguration section */
		52C727CD1F5BD07E0058D0ED /* Debug */ = {
			isa = XCBuildConfiguration;
			buildSettings = {
				ALWAYS_SEARCH_USER_PATHS = NO;
				CLANG_ANALYZER_NONNULL = YES;
				CLANG_ANALYZER_NUMBER_OBJECT_CONVERSION = YES_AGGRESSIVE;
				CLANG_CXX_LANGUAGE_STANDARD = "gnu++0x";
				CLANG_CXX_LIBRARY = "libc++";
				CLANG_ENABLE_MODULES = YES;
				CLANG_ENABLE_OBJC_ARC = YES;
				CLANG_WARN_BOOL_CONVERSION = YES;
				CLANG_WARN_CONSTANT_CONVERSION = YES;
				CLANG_WARN_DIRECT_OBJC_ISA_USAGE = YES_ERROR;
				CLANG_WARN_DOCUMENTATION_COMMENTS = YES;
				CLANG_WARN_EMPTY_BODY = YES;
				CLANG_WARN_ENUM_CONVERSION = YES;
				CLANG_WARN_INFINITE_RECURSION = YES;
				CLANG_WARN_INT_CONVERSION = YES;
				CLANG_WARN_OBJC_ROOT_CLASS = YES_ERROR;
				CLANG_WARN_SUSPICIOUS_MOVE = YES;
				CLANG_WARN_UNREACHABLE_CODE = YES;
				CLANG_WARN__DUPLICATE_METHOD_MATCH = YES;
				"CODE_SIGN_IDENTITY[sdk=iphoneos*]" = "iPhone Developer";
				COPY_PHASE_STRIP = NO;
				DEBUG_INFORMATION_FORMAT = dwarf;
				ENABLE_STRICT_OBJC_MSGSEND = YES;
				ENABLE_TESTABILITY = YES;
				GCC_C_LANGUAGE_STANDARD = gnu99;
				GCC_DYNAMIC_NO_PIC = NO;
				GCC_NO_COMMON_BLOCKS = YES;
				GCC_OPTIMIZATION_LEVEL = 0;
				GCC_PREPROCESSOR_DEFINITIONS = (
					"DEBUG=1",
					"$(inherited)",
				);
				GCC_WARN_64_TO_32_BIT_CONVERSION = YES;
				GCC_WARN_ABOUT_RETURN_TYPE = YES_ERROR;
				GCC_WARN_UNDECLARED_SELECTOR = YES;
				GCC_WARN_UNINITIALIZED_AUTOS = YES_AGGRESSIVE;
				GCC_WARN_UNUSED_FUNCTION = YES;
				GCC_WARN_UNUSED_VARIABLE = YES;
				IPHONEOS_DEPLOYMENT_TARGET = 10.3;
				MTL_ENABLE_DEBUG_INFO = YES;
				ONLY_ACTIVE_ARCH = YES;
				SDKROOT = iphoneos;
				SWIFT_ACTIVE_COMPILATION_CONDITIONS = DEBUG;
				SWIFT_OPTIMIZATION_LEVEL = "-Onone";
			};
			name = Debug;
		};
		52C727CE1F5BD07E0058D0ED /* Release */ = {
			isa = XCBuildConfiguration;
			buildSettings = {
				ALWAYS_SEARCH_USER_PATHS = NO;
				CLANG_ANALYZER_NONNULL = YES;
				CLANG_ANALYZER_NUMBER_OBJECT_CONVERSION = YES_AGGRESSIVE;
				CLANG_CXX_LANGUAGE_STANDARD = "gnu++0x";
				CLANG_CXX_LIBRARY = "libc++";
				CLANG_ENABLE_MODULES = YES;
				CLANG_ENABLE_OBJC_ARC = YES;
				CLANG_WARN_BOOL_CONVERSION = YES;
				CLANG_WARN_CONSTANT_CONVERSION = YES;
				CLANG_WARN_DIRECT_OBJC_ISA_USAGE = YES_ERROR;
				CLANG_WARN_DOCUMENTATION_COMMENTS = YES;
				CLANG_WARN_EMPTY_BODY = YES;
				CLANG_WARN_ENUM_CONVERSION = YES;
				CLANG_WARN_INFINITE_RECURSION = YES;
				CLANG_WARN_INT_CONVERSION = YES;
				CLANG_WARN_OBJC_ROOT_CLASS = YES_ERROR;
				CLANG_WARN_SUSPICIOUS_MOVE = YES;
				CLANG_WARN_UNREACHABLE_CODE = YES;
				CLANG_WARN__DUPLICATE_METHOD_MATCH = YES;
				"CODE_SIGN_IDENTITY[sdk=iphoneos*]" = "iPhone Developer";
				COPY_PHASE_STRIP = NO;
				DEBUG_INFORMATION_FORMAT = "dwarf-with-dsym";
				ENABLE_NS_ASSERTIONS = NO;
				ENABLE_STRICT_OBJC_MSGSEND = YES;
				GCC_C_LANGUAGE_STANDARD = gnu99;
				GCC_NO_COMMON_BLOCKS = YES;
				GCC_WARN_64_TO_32_BIT_CONVERSION = YES;
				GCC_WARN_ABOUT_RETURN_TYPE = YES_ERROR;
				GCC_WARN_UNDECLARED_SELECTOR = YES;
				GCC_WARN_UNINITIALIZED_AUTOS = YES_AGGRESSIVE;
				GCC_WARN_UNUSED_FUNCTION = YES;
				GCC_WARN_UNUSED_VARIABLE = YES;
				IPHONEOS_DEPLOYMENT_TARGET = 10.3;
				MTL_ENABLE_DEBUG_INFO = NO;
				SDKROOT = iphoneos;
				SWIFT_OPTIMIZATION_LEVEL = "-Owholemodule";
				VALIDATE_PRODUCT = YES;
			};
			name = Release;
		};
		52C727D01F5BD07E0058D0ED /* Debug */ = {
			isa = XCBuildConfiguration;
			buildSettings = {
				ASSETCATALOG_COMPILER_APPICON_NAME = AppIcon;
				INFOPLIST_FILE = "Auto Navigator/Info.plist";
				LD_RUNPATH_SEARCH_PATHS = "$(inherited) @executable_path/Frameworks";
				PRODUCT_BUNDLE_IDENTIFIER = "com.shyam.Auto-Navigator";
				PRODUCT_NAME = "$(TARGET_NAME)";
				SWIFT_VERSION = 3.0;
			};
			name = Debug;
		};
		52C727D11F5BD07E0058D0ED /* Release */ = {
			isa = XCBuildConfiguration;
			buildSettings = {
				ASSETCATALOG_COMPILER_APPICON_NAME = AppIcon;
				INFOPLIST_FILE = "Auto Navigator/Info.plist";
				LD_RUNPATH_SEARCH_PATHS = "$(inherited) @executable_path/Frameworks";
				PRODUCT_BUNDLE_IDENTIFIER = "com.shyam.Auto-Navigator";
				PRODUCT_NAME = "$(TARGET_NAME)";
				SWIFT_VERSION = 3.0;
			};
			name = Release;
		};
/* End XCBuildConfiguration section */

/* Begin XCConfigurationList section */
		52C727B81F5BD07E0058D0ED /* Build configuration list for PBXProject "Auto Navigator" */ = {
			isa = XCConfigurationList;
			buildConfigurations = (
				52C727CD1F5BD07E0058D0ED /* Debug */,
				52C727CE1F5BD07E0058D0ED /* Release */,
			);
			defaultConfigurationIsVisible = 0;
			defaultConfigurationName = Release;
		};
		52C727CF1F5BD07E0058D0ED /* Build configuration list for PBXNativeTarget "Auto Navigator" */ = {
			isa = XCConfigurationList;
			buildConfigurations = (
				52C727D01F5BD07E0058D0ED /* Debug */,
				52C727D11F5BD07E0058D0ED /* Release */,
			);
			defaultConfigurationIsVisible = 0;
		};
/* End XCConfigurationList section */
	};
	rootObject = 52C727B51F5BD07E0058D0ED /* Project object */;
}
